schema: '2.0'
stages:
  data_collection:
    cmd: python3 src/data/data_collection.py
    deps:
    - path: src/data/data_collection.py
      hash: md5
      md5: 9c165392c38b711be1079448147bc2d2
      size: 2109
      isexec: true
    params:
      params.yaml:
        data_collection.test_size: 0.2
    outs:
    - path: data/raw
      hash: md5
      md5: 6943e655800134f51910892c621c7b98.dir
      size: 518984
      nfiles: 2
  pre_processing:
    cmd: python3 src/data/data_prep.py
    deps:
    - path: data/raw
      hash: md5
      md5: 6943e655800134f51910892c621c7b98.dir
      size: 518984
      nfiles: 2
    - path: src/data/data_prep.py
      hash: md5
      md5: d8629d1682156efe2d4cba51515f17b7
      size: 1874
      isexec: true
    outs:
    - path: data/processed
      hash: md5
      md5: 2c52ed0bbf4910ed2d0cf179153ea4f2.dir
      size: 543617
      nfiles: 2
  model_building:
    cmd: python3 src/models/model_building.py
    deps:
    - path: data/processed
      hash: md5
      md5: 2c52ed0bbf4910ed2d0cf179153ea4f2.dir
      size: 543617
      nfiles: 2
    - path: src/models/model_building.py
      hash: md5
      md5: e81edd4f572a75ee7b95ac1359a7a564
      size: 2029
      isexec: true
    params:
      params.yaml:
        model_building.n_estimators: 1000
    outs:
    - path: model.pkl
      hash: md5
      md5: 75574935767f2e4211662740fa0d43e0
      size: 73744907
      isexec: true
  model_evaluation:
    cmd: python3 src/models/model_eval.py
    deps:
    - path: model.pkl
      hash: md5
      md5: 75574935767f2e4211662740fa0d43e0
      size: 73744907
      isexec: true
    - path: src/models/model_eval.py
      hash: md5
      md5: 7925c2cca33a1863662ccb4b4909065a
      size: 2455
      isexec: true
    outs:
    - path: metrics.json
      hash: md5
      md5: 09cc73f0e89558c83d2f058dc8ef5c4f
      size: 141
      isexec: true
