schema: '2.0'
stages:
  data_collection:
    cmd: python3 src/data/data_collection.py
    deps:
    - path: src/data/data_collection.py
      hash: md5
      md5: 9c165392c38b711be1079448147bc2d2
      size: 2109
      isexec: true
    params:
      params.yaml:
        data_collection.test_size: 0.2
    outs:
    - path: data/raw
      hash: md5
      md5: 6943e655800134f51910892c621c7b98.dir
      size: 518984
      nfiles: 2
  pre_processing:
    cmd: python3 src/data/data_prep.py
    deps:
    - path: data/raw
      hash: md5
      md5: 6943e655800134f51910892c621c7b98.dir
      size: 518984
      nfiles: 2
    - path: src/data/data_prep.py
      hash: md5
      md5: cd1d696c0248bb9083dec3442fb315e3
      size: 1886
      isexec: true
    outs:
    - path: data/processed
      hash: md5
      md5: 52c56d787ea9a37e71912d6090bbb368.dir
      size: 542859
      nfiles: 2
  model_building:
    cmd: python3 src/models/model_building.py
    deps:
    - path: data/processed
      hash: md5
      md5: 52c56d787ea9a37e71912d6090bbb368.dir
      size: 542859
      nfiles: 2
    - path: src/models/model_building.py
      hash: md5
      md5: d43e237cea6f40d28deb0a46956ec204
      size: 2031
      isexec: true
    params:
      params.yaml:
        model_building.n_estimators: 1000
    outs:
    - path: model.pkl
      hash: md5
      md5: 53c6d223172322b2a6da838a53cd89ad
      size: 73634987
      isexec: true
  model_evaluation:
    cmd: python3 src/models/model_eval.py
    deps:
    - path: model.pkl
      hash: md5
      md5: 53c6d223172322b2a6da838a53cd89ad
      size: 73634987
      isexec: true
    - path: src/models/model_eval.py
      hash: md5
      md5: 2e39da0855f051a2b07cecc641b769b8
      size: 2457
      isexec: true
    outs:
    - path: metrics.json
      hash: md5
      md5: 217d489f316d370d7286359d7ccf615e
      size: 141
      isexec: true
